
Microsoft Visual Studio Solution File, Format Version 12.00
# Visual Studio Version 16
VisualStudioVersion = 16.0.31911.196
MinimumVisualStudioVersion = 10.0.40219.1
Project("{9A19103F-16F7-4668-BE54-9A1E7A4F7556}") = "AutomationUi", "GitSeleniumTests\AutomationUi.csproj", "{20DD4095-8E02-4321-BDA8-4577E2EDD7E8}"
EndProject
Project("{9A19103F-16F7-4668-BE54-9A1E7A4F7556}") = "AutomationUiTests", "AutomationGitTests\AutomationUiTests.csproj", "{7D156D8B-666E-481F-AB80-16CA168E54A0}"
EndProject
Global
	GlobalSection(SolutionConfigurationPlatforms) = preSolution
		Debug|Any CPU = Debug|Any CPU
		Release|Any CPU = Release|Any CPU
	EndGlobalSection
	GlobalSection(ProjectConfigurationPlatforms) = postSolution
		{20DD4095-8E02-4321-BDA8-4577E2EDD7E8}.Debug|Any CPU.ActiveCfg = Debug|Any CPU
		{20DD4095-8E02-4321-BDA8-4577E2EDD7E8}.Debug|Any CPU.Build.0 = Debug|Any CPU
		{20DD4095-8E02-4321-BDA8-4577E2EDD7E8}.Release|Any CPU.ActiveCfg = Release|Any CPU
		{20DD4095-8E02-4321-BDA8-4577E2EDD7E8}.Release|Any CPU.Build.0 = Release|Any CPU
		{7D156D8B-666E-481F-AB80-16CA168E54A0}.Debug|Any CPU.ActiveCfg = Debug|Any CPU
		{7D156D8B-666E-481F-AB80-16CA168E54A0}.Debug|Any CPU.Build.0 = Debug|Any CPU
		{7D156D8B-666E-481F-AB80-16CA168E54A0}.Release|Any CPU.ActiveCfg = Release|Any CPU
		{7D156D8B-666E-481F-AB80-16CA168E54A0}.Release|Any CPU.Build.0 = Release|Any CPU
	EndGlobalSection
	GlobalSection(SolutionProperties) = preSolution
		HideSolutionNode = FALSE
	EndGlobalSection
	GlobalSection(ExtensibilityGlobals) = postSolution
		SolutionGuid = {FAB062C8-188D-4424-A1C1-237FD3666312}
	EndGlobalSection
EndGlobal
